
Microsoft Visual Studio Solution File, Format Version 12.00
# Visual Studio Version 17
VisualStudioVersion = 17.4.33213.308
MinimumVisualStudioVersion = 10.0.40219.1
Project("{FAE04EC0-301F-11D3-BF4B-00C04F79EFBC}") = "MainPage", "MainPage\MainPage.csproj", "{BA99BCD9-DE83-4EBF-B01E-0C095281857D}"
EndProject
Global
	GlobalSection(SolutionConfigurationPlatforms) = preSolution
		Debug|Any CPU = Debug|Any CPU
		Release|Any CPU = Release|Any CPU
	EndGlobalSection
	GlobalSection(ProjectConfigurationPlatforms) = postSolution
		{BA99BCD9-DE83-4EBF-B01E-0C095281857D}.Debug|Any CPU.ActiveCfg = Debug|Any CPU
		{BA99BCD9-DE83-4EBF-B01E-0C095281857D}.Debug|Any CPU.Build.0 = Debug|Any CPU
		{BA99BCD9-DE83-4EBF-B01E-0C095281857D}.Release|Any CPU.ActiveCfg = Release|Any CPU
		{BA99BCD9-DE83-4EBF-B01E-0C095281857D}.Release|Any CPU.Build.0 = Release|Any CPU
	EndGlobalSection
	GlobalSection(SolutionProperties) = preSolution
		HideSolutionNode = FALSE
	EndGlobalSection
	GlobalSection(ExtensibilityGlobals) = postSolution
		SolutionGuid = {F56170E3-7CB9-4D7A-B25A-7D149937D803}
	EndGlobalSection
EndGlobal
